
Microsoft Visual Studio Solution File, Format Version 12.00
Project("{FAE04EC0-301F-11D3-BF4B-00C04F79EFBC}") = "ProvaTecnica.Core", "ProvaTecnica.Core\ProvaTecnica.Core.csproj", "{BCC68CCE-3C1D-4596-9817-5C5AF8D5753E}"
EndProject
Project("{FAE04EC0-301F-11D3-BF4B-00C04F79EFBC}") = "ProvaTecnica.Web", "ProvaTecnica.Web\ProvaTecnica.Web.csproj", "{395CB197-36BD-42DB-83F8-F4C93EF35AA6}"
EndProject
Project("{2150E333-8FDC-42A3-9474-1A3956D46DE8}") = "docs", "docs", "{7B3D94DE-8835-4F6A-82D8-3FE589A23CEC}"
	ProjectSection(SolutionItems) = preProject
		diario.md = diario.md
		Estrutura do Projeto.md = Estrutura do Projeto.md
	EndProjectSection
EndProject
Global
	GlobalSection(SolutionConfigurationPlatforms) = preSolution
		Debug|Any CPU = Debug|Any CPU
		Release|Any CPU = Release|Any CPU
	EndGlobalSection
	GlobalSection(ProjectConfigurationPlatforms) = postSolution
		{BCC68CCE-3C1D-4596-9817-5C5AF8D5753E}.Debug|Any CPU.ActiveCfg = Debug|Any CPU
		{BCC68CCE-3C1D-4596-9817-5C5AF8D5753E}.Debug|Any CPU.Build.0 = Debug|Any CPU
		{BCC68CCE-3C1D-4596-9817-5C5AF8D5753E}.Release|Any CPU.ActiveCfg = Release|Any CPU
		{BCC68CCE-3C1D-4596-9817-5C5AF8D5753E}.Release|Any CPU.Build.0 = Release|Any CPU
		{395CB197-36BD-42DB-83F8-F4C93EF35AA6}.Debug|Any CPU.ActiveCfg = Debug|Any CPU
		{395CB197-36BD-42DB-83F8-F4C93EF35AA6}.Debug|Any CPU.Build.0 = Debug|Any CPU
		{395CB197-36BD-42DB-83F8-F4C93EF35AA6}.Release|Any CPU.ActiveCfg = Release|Any CPU
		{395CB197-36BD-42DB-83F8-F4C93EF35AA6}.Release|Any CPU.Build.0 = Release|Any CPU
	EndGlobalSection
EndGlobal
